{
  "name": "cells-practico-v1",
  "version": "0.1.0",
  "lockfileVersion": 1,
  "requires": true,
  "dependencies": {
    "@bbva-web-components/bbva-core-lit-helpers": {
      "version": "0.1.1",
      "resolved": "https://globaldevtools.bbva.com:443/artifactory/api/npm/npm-repo/@bbva-web-components/bbva-core-lit-helpers/-/@bbva-web-components/bbva-core-lit-helpers-0.1.1.tgz",
      "integrity": "sha1-ll0VaCuL1RcJhJZN/srMQP/ymMc=",
      "requires": {
        "@webcomponents/shadycss": "1.9.6",
        "lit-element": "2.3.1",
        "lit-html": "1.2.1"
      }
    },
    "@bbva-web-components/bbva-core-meta": {
      "version": "0.1.2",
      "resolved": "https://globaldevtools.bbva.com:443/artifactory/api/npm/npm-repo/@bbva-web-components/bbva-core-meta/-/@bbva-web-components/bbva-core-meta-0.1.2.tgz",
      "integrity": "sha1-0bJ3a5idMdGHboXM9APQERDlnCE="
    },
    "@bbva-web-components/bbva-form-checkbox": {
      "version": "3.0.0",
      "resolved": "https://globaldevtools.bbva.com:443/artifactory/api/npm/npm-repo/@bbva-web-components/bbva-form-checkbox/-/@bbva-web-components/bbva-form-checkbox-3.0.0.tgz",
      "integrity": "sha1-C+HLna02Wbum3cOufPkN+w+a40k=",
      "requires": {
        "@bbva-web-components/bbva-foundations-styles": "1.4.0",
        "@cells-components/cells-checkbox": "2.0.3",
        "@cells-components/cells-icon": "2.0.3",
        "@cells-components/cells-lit-helpers": "1.2.5",
        "lit-element": "2.3.1",
        "lit-html": "1.2.1"
      }
    },
    "@bbva-web-components/bbva-foundations-styles": {
      "version": "1.4.0",
      "resolved": "https://globaldevtools.bbva.com:443/artifactory/api/npm/npm-repo/@bbva-web-components/bbva-foundations-styles/-/@bbva-web-components/bbva-foundations-styles-1.4.0.tgz",
      "integrity": "sha1-kccC4zFT60Dr9z1I9UqzfUCvzZE=",
      "requires": {
        "lit-element": "2.3.1"
      }
    },
    "@bbva-web-components/bbva-foundations-theme": {
      "version": "1.2.2",
      "resolved": "https://globaldevtools.bbva.com:443/artifactory/api/npm/npm-repo/@bbva-web-components/bbva-foundations-theme/-/@bbva-web-components/bbva-foundations-theme-1.2.2.tgz",
      "integrity": "sha1-881JsMD1MfT2iMnY+PGw9oP+wqg=",
      "requires": {
        "@bbva-web-components/bbva-foundations-styles": "1.4.0",
        "@cells-components/cells-lit-helpers": "1.2.5",
        "lit-element": "2.3.1"
      }
    },
    "@bbva-web-components/bbva-header-main": {
      "version": "2.0.0",
      "resolved": "https://globaldevtools.bbva.com:443/artifactory/api/npm/npm-repo/@bbva-web-components/bbva-header-main/-/@bbva-web-components/bbva-header-main-2.0.0.tgz",
      "integrity": "sha1-QOXLEzGFLbvgvaMRntebSyTZZeE=",
      "requires": {
        "@bbva-web-components/bbva-foundations-styles": "1.4.0",
        "@cells-components/cells-i18n-mixin": "1.5.0",
        "@cells-components/cells-icon": "2.0.3",
        "@cells-components/cells-lit-helpers": "1.2.5",
        "lit-element": "2.3.1",
        "lit-html": "1.2.1"
      }
    },
    "@cells-components/cells-checkbox": {
      "version": "2.0.3",
      "resolved": "https://globaldevtools.bbva.com:443/artifactory/api/npm/npm-repo/@cells-components/cells-checkbox/-/@cells-components/cells-checkbox-2.0.3.tgz",
      "integrity": "sha1-b1JPP5URSv2QQmbwiViLHDjHxDs=",
      "requires": {
        "@cells-components/cells-focus-visible-mixin": "1.0.29",
        "@cells-components/cells-lit-helpers": "1.2.5",
        "lit-element": "2.3.1",
        "lit-html": "1.2.1"
      }
    },
    "@cells-components/cells-focus-visible-mixin": {
      "version": "1.0.29",
      "resolved": "https://globaldevtools.bbva.com:443/artifactory/api/npm/npm-repo/@cells-components/cells-focus-visible-mixin/-/@cells-components/cells-focus-visible-mixin-1.0.29.tgz",
      "integrity": "sha1-FYdre46F34fU9eqa/lM20GONpDY=",
      "requires": {
        "@cells-components/cells-lit-helpers": "1.2.5",
        "lit-element": "2.3.1"
      }
    },
    "@cells-components/cells-i18n-mixin": {
      "version": "1.5.0",
      "resolved": "https://globaldevtools.bbva.com:443/artifactory/api/npm/npm-repo/@cells-components/cells-i18n-mixin/-/@cells-components/cells-i18n-mixin-1.5.0.tgz",
      "integrity": "sha1-TJasxMMdInS/icAfJyLiIbcsofM=",
      "requires": {
        "@cells-components/cells-lit-helpers": "1.2.5",
        "@cells-components/cells-shadow-query-selector": "1.0.1",
        "lit-element": "2.3.1"
      }
    },
    "@cells-components/cells-icon": {
      "version": "2.0.3",
      "resolved": "https://globaldevtools.bbva.com:443/artifactory/api/npm/npm-repo/@cells-components/cells-icon/-/@cells-components/cells-icon-2.0.3.tgz",
      "integrity": "sha1-w6bAGpnsNlWZW0TDZbpeU5LkEUs=",
      "requires": {
        "@cells-components/cells-iron-meta": "1.0.39",
        "@cells-components/cells-lit-helpers": "1.2.5",
        "lit-element": "2.3.1"
      }
    },
    "@cells-components/cells-iconset-svg": {
      "version": "1.2.16",
      "resolved": "https://globaldevtools.bbva.com:443/artifactory/api/npm/npm-repo/@cells-components/cells-iconset-svg/-/@cells-components/cells-iconset-svg-1.2.16.tgz",
      "integrity": "sha1-BR7Or38mxjPfUi2Ib/EyreE+ML0=",
      "requires": {
        "@cells-components/cells-iron-meta": "1.0.39",
        "lit-element": "2.3.1"
      }
    },
    "@cells-components/cells-iron-meta": {
      "version": "1.0.39",
      "resolved": "https://globaldevtools.bbva.com:443/artifactory/api/npm/npm-repo/@cells-components/cells-iron-meta/-/@cells-components/cells-iron-meta-1.0.39.tgz",
      "integrity": "sha1-Vs+jhFYGsnqwtPorwcMOZzaA5Sc=",
      "requires": {
        "@bbva-web-components/bbva-core-meta": "0.1.2",
        "@cells-components/cells-lit-helpers": "1.2.5",
        "lit-element": "2.3.1"
      }
    },
    "@cells-components/cells-lit-helpers": {
      "version": "1.2.5",
      "resolved": "https://globaldevtools.bbva.com:443/artifactory/api/npm/npm-repo/@cells-components/cells-lit-helpers/-/@cells-components/cells-lit-helpers-1.2.5.tgz",
      "integrity": "sha1-rv8Y2QA8OzSIpPBLw9t4izw4VpQ=",
      "requires": {
        "@bbva-web-components/bbva-core-lit-helpers": "0.1.1",
        "@webcomponents/shadycss": "1.9.6",
        "lit-html": "1.2.1"
      }
    },
    "@cells-components/cells-shadow-query-selector": {
      "version": "1.0.1",
      "resolved": "https://globaldevtools.bbva.com:443/artifactory/api/npm/npm-repo/@cells-components/cells-shadow-query-selector/-/@cells-components/cells-shadow-query-selector-1.0.1.tgz",
      "integrity": "sha1-g8tJmca3iy5lIb0UrkgeH46JeKc="
    },
    "@cells-components/coronita-icons": {
      "version": "1.0.48",
      "resolved": "https://globaldevtools.bbva.com:443/artifactory/api/npm/npm-repo/@cells-components/coronita-icons/-/@cells-components/coronita-icons-1.0.48.tgz",
      "integrity": "sha1-+Wusyfjkh8W1xtRxMukrhgICJCw=",
      "requires": {
        "@cells-components/cells-icon": "2.0.3",
        "@cells-components/cells-iconset-svg": "1.2.16"
      }
    },
    "@cells/cells-bridge": {
      "version": "3.12.0",
      "resolved": "https://globaldevtools.bbva.com:443/artifactory/api/npm/npm-repo/@cells/cells-bridge/-/@cells/cells-bridge-3.12.0.tgz",
      "integrity": "sha1-8bg8YaIxF7nopbcmeAe7jz2F9Zo=",
      "requires": {
        "es5-dot-prop": "4.1.1"
      }
    },
    "@webcomponents/shadycss": {
      "version": "1.9.6",
      "resolved": "https://globaldevtools.bbva.com:443/artifactory/api/npm/npm-repo/@webcomponents/shadycss/-/shadycss-1.9.6.tgz",
      "integrity": "sha1-qMXbhn5JIAoFz41QCAKcCbeGGXk="
    },
    "cells-app-template": {
      "version": "3.1.4",
      "resolved": "https://globaldevtools.bbva.com:443/artifactory/api/npm/npm-repo/cells-app-template/-/cells-app-template-3.1.4.tgz",
      "integrity": "sha1-Rsr1+FCDMXBdHGZ5AXDsHch2BNw="
    },
    "es5-dot-prop": {
      "version": "4.1.1",
      "resolved": "https://globaldevtools.bbva.com:443/artifactory/api/npm/npm-repo/es5-dot-prop/-/es5-dot-prop-4.1.1.tgz",
      "integrity": "sha1-chAhU+q7N0DWa3Ndphbi3Zvlc3s=",
      "requires": {
        "is-obj": "1.0.1"
      }
    },
    "is-obj": {
      "version": "1.0.1",
      "resolved": "https://globaldevtools.bbva.com:443/artifactory/api/npm/npm-repo/is-obj/-/is-obj-1.0.1.tgz",
      "integrity": "sha1-PkcprB9f3gJc19g6iW2rn09n2w8="
    },
    "lit-element": {
      "version": "2.3.1",
      "resolved": "https://globaldevtools.bbva.com:443/artifactory/api/npm/npm-repo/lit-element/-/lit-element-2.3.1.tgz",
      "integrity": "sha1-czQ7l4+h5z1gUmxrtq1g9ToWw0M=",
      "requires": {
        "lit-html": "1.2.1"
      }
    },
    "lit-html": {
      "version": "1.2.1",
      "resolved": "https://globaldevtools.bbva.com:443/artifactory/api/npm/npm-repo/lit-html/-/lit-html-1.2.1.tgz",
      "integrity": "sha1-H7kz3B4t3AlfYLgIYnfU/NnWLMg="
    }
  }
}
